
Microsoft Visual Studio Solution File, Format Version 12.00
# Visual Studio Version 17
VisualStudioVersion = 17.1.32319.34
MinimumVisualStudioVersion = 10.0.40219.1
Project("{2150E333-8FDC-42A3-9474-1A3956D46DE8}") = "MicroServices", "MicroServices", "{A374ADF0-25D7-45D1-A533-E591F0C2870A}"
EndProject
Project("{9A19103F-16F7-4668-BE54-9A1E7A4F7556}") = "Catalog.API", "Catalog.API\Catalog.API.csproj", "{7C25CA6E-A64D-472A-AD65-80EE34470607}"
EndProject
Project("{2150E333-8FDC-42A3-9474-1A3956D46DE8}") = "Catalog", "Catalog", "{AD31A948-710D-4D07-A8D9-039745D8D472}"
EndProject
Project("{9A19103F-16F7-4668-BE54-9A1E7A4F7556}") = "Catalog.Application", "Catalog.Application\Catalog.Application.csproj", "{2F443C3C-FA4B-4ACB-9A8A-929187C6FBFF}"
EndProject
Project("{9A19103F-16F7-4668-BE54-9A1E7A4F7556}") = "Catalog.Infrastructure", "Catalog.Infrastructure\Catalog.Infrastructure.csproj", "{9388A576-BC60-4370-A516-C0A08C81CD66}"
EndProject
Project("{9A19103F-16F7-4668-BE54-9A1E7A4F7556}") = "Catalog.Core", "Catalog.Core\Catalog.Core.csproj", "{DAD2FE5D-F1ED-4D31-A303-C3BA02611048}"
EndProject
Project("{2150E333-8FDC-42A3-9474-1A3956D46DE8}") = "Basket", "Basket", "{95BC624E-9732-4581-B8E8-32CDF43E0CBE}"
EndProject
Project("{FAE04EC0-301F-11D3-BF4B-00C04F79EFBC}") = "Basket.Application", "Basket.Application\Basket.Application.csproj", "{B6C2D1AA-7DED-4B14-8598-ED77577EBDFB}"
EndProject
Project("{FAE04EC0-301F-11D3-BF4B-00C04F79EFBC}") = "Basket.Core", "Basket.Core\Basket.Core.csproj", "{263E2920-A54B-400C-8ED7-71BE3C38FBC8}"
EndProject
Project("{FAE04EC0-301F-11D3-BF4B-00C04F79EFBC}") = "Basket.Infrastructure", "Basket.Infrastructure\Basket.Infrastructure.csproj", "{875521B0-296C-47F4-B219-14A057AB6BFF}"
EndProject
Project("{FAE04EC0-301F-11D3-BF4B-00C04F79EFBC}") = "Basket.API", "Basket.API\Basket.API.csproj", "{72002B29-55E6-4581-B147-B46E83E49F8E}"
EndProject
Global
	GlobalSection(SolutionConfigurationPlatforms) = preSolution
		Debug|Any CPU = Debug|Any CPU
		Release|Any CPU = Release|Any CPU
	EndGlobalSection
	GlobalSection(ProjectConfigurationPlatforms) = postSolution
		{7C25CA6E-A64D-472A-AD65-80EE34470607}.Debug|Any CPU.ActiveCfg = Debug|Any CPU
		{7C25CA6E-A64D-472A-AD65-80EE34470607}.Debug|Any CPU.Build.0 = Debug|Any CPU
		{7C25CA6E-A64D-472A-AD65-80EE34470607}.Release|Any CPU.ActiveCfg = Release|Any CPU
		{7C25CA6E-A64D-472A-AD65-80EE34470607}.Release|Any CPU.Build.0 = Release|Any CPU
		{2F443C3C-FA4B-4ACB-9A8A-929187C6FBFF}.Debug|Any CPU.ActiveCfg = Debug|Any CPU
		{2F443C3C-FA4B-4ACB-9A8A-929187C6FBFF}.Debug|Any CPU.Build.0 = Debug|Any CPU
		{2F443C3C-FA4B-4ACB-9A8A-929187C6FBFF}.Release|Any CPU.ActiveCfg = Release|Any CPU
		{2F443C3C-FA4B-4ACB-9A8A-929187C6FBFF}.Release|Any CPU.Build.0 = Release|Any CPU
		{9388A576-BC60-4370-A516-C0A08C81CD66}.Debug|Any CPU.ActiveCfg = Debug|Any CPU
		{9388A576-BC60-4370-A516-C0A08C81CD66}.Debug|Any CPU.Build.0 = Debug|Any CPU
		{9388A576-BC60-4370-A516-C0A08C81CD66}.Release|Any CPU.ActiveCfg = Release|Any CPU
		{9388A576-BC60-4370-A516-C0A08C81CD66}.Release|Any CPU.Build.0 = Release|Any CPU
		{DAD2FE5D-F1ED-4D31-A303-C3BA02611048}.Debug|Any CPU.ActiveCfg = Debug|Any CPU
		{DAD2FE5D-F1ED-4D31-A303-C3BA02611048}.Debug|Any CPU.Build.0 = Debug|Any CPU
		{DAD2FE5D-F1ED-4D31-A303-C3BA02611048}.Release|Any CPU.ActiveCfg = Release|Any CPU
		{DAD2FE5D-F1ED-4D31-A303-C3BA02611048}.Release|Any CPU.Build.0 = Release|Any CPU
		{B6C2D1AA-7DED-4B14-8598-ED77577EBDFB}.Debug|Any CPU.ActiveCfg = Debug|Any CPU
		{B6C2D1AA-7DED-4B14-8598-ED77577EBDFB}.Debug|Any CPU.Build.0 = Debug|Any CPU
		{B6C2D1AA-7DED-4B14-8598-ED77577EBDFB}.Release|Any CPU.ActiveCfg = Release|Any CPU
		{B6C2D1AA-7DED-4B14-8598-ED77577EBDFB}.Release|Any CPU.Build.0 = Release|Any CPU
		{263E2920-A54B-400C-8ED7-71BE3C38FBC8}.Debug|Any CPU.ActiveCfg = Debug|Any CPU
		{263E2920-A54B-400C-8ED7-71BE3C38FBC8}.Debug|Any CPU.Build.0 = Debug|Any CPU
		{263E2920-A54B-400C-8ED7-71BE3C38FBC8}.Release|Any CPU.ActiveCfg = Release|Any CPU
		{263E2920-A54B-400C-8ED7-71BE3C38FBC8}.Release|Any CPU.Build.0 = Release|Any CPU
		{875521B0-296C-47F4-B219-14A057AB6BFF}.Debug|Any CPU.ActiveCfg = Debug|Any CPU
		{875521B0-296C-47F4-B219-14A057AB6BFF}.Debug|Any CPU.Build.0 = Debug|Any CPU
		{875521B0-296C-47F4-B219-14A057AB6BFF}.Release|Any CPU.ActiveCfg = Release|Any CPU
		{875521B0-296C-47F4-B219-14A057AB6BFF}.Release|Any CPU.Build.0 = Release|Any CPU
		{72002B29-55E6-4581-B147-B46E83E49F8E}.Debug|Any CPU.ActiveCfg = Debug|Any CPU
		{72002B29-55E6-4581-B147-B46E83E49F8E}.Debug|Any CPU.Build.0 = Debug|Any CPU
		{72002B29-55E6-4581-B147-B46E83E49F8E}.Release|Any CPU.ActiveCfg = Release|Any CPU
		{72002B29-55E6-4581-B147-B46E83E49F8E}.Release|Any CPU.Build.0 = Release|Any CPU
	EndGlobalSection
	GlobalSection(SolutionProperties) = preSolution
		HideSolutionNode = FALSE
	EndGlobalSection
	GlobalSection(NestedProjects) = preSolution
		{7C25CA6E-A64D-472A-AD65-80EE34470607} = {AD31A948-710D-4D07-A8D9-039745D8D472}
		{AD31A948-710D-4D07-A8D9-039745D8D472} = {A374ADF0-25D7-45D1-A533-E591F0C2870A}
		{2F443C3C-FA4B-4ACB-9A8A-929187C6FBFF} = {AD31A948-710D-4D07-A8D9-039745D8D472}
		{9388A576-BC60-4370-A516-C0A08C81CD66} = {AD31A948-710D-4D07-A8D9-039745D8D472}
		{DAD2FE5D-F1ED-4D31-A303-C3BA02611048} = {AD31A948-710D-4D07-A8D9-039745D8D472}
		{95BC624E-9732-4581-B8E8-32CDF43E0CBE} = {A374ADF0-25D7-45D1-A533-E591F0C2870A}
		{B6C2D1AA-7DED-4B14-8598-ED77577EBDFB} = {95BC624E-9732-4581-B8E8-32CDF43E0CBE}
		{263E2920-A54B-400C-8ED7-71BE3C38FBC8} = {95BC624E-9732-4581-B8E8-32CDF43E0CBE}
		{875521B0-296C-47F4-B219-14A057AB6BFF} = {95BC624E-9732-4581-B8E8-32CDF43E0CBE}
		{72002B29-55E6-4581-B147-B46E83E49F8E} = {95BC624E-9732-4581-B8E8-32CDF43E0CBE}
	EndGlobalSection
	GlobalSection(ExtensibilityGlobals) = postSolution
		SolutionGuid = {1D0626C0-C3D4-4BA3-81D2-D0AC164A6338}
	EndGlobalSection
EndGlobal
