
Microsoft Visual Studio Solution File, Format Version 12.00
# Visual Studio Version 17
VisualStudioVersion = 17.1.32319.34
MinimumVisualStudioVersion = 10.0.40219.1
Project("{2150E333-8FDC-42A3-9474-1A3956D46DE8}") = "MicroServices", "MicroServices", "{A374ADF0-25D7-45D1-A533-E591F0C2870A}"
EndProject
Project("{2150E333-8FDC-42A3-9474-1A3956D46DE8}") = "Catalog", "Catalog", "{AD31A948-710D-4D07-A8D9-039745D8D472}"
EndProject
Project("{2150E333-8FDC-42A3-9474-1A3956D46DE8}") = "Basket", "Basket", "{95BC624E-9732-4581-B8E8-32CDF43E0CBE}"
EndProject
Project("{2150E333-8FDC-42A3-9474-1A3956D46DE8}") = "Discount", "Discount", "{E2685321-4AFA-4310-848C-187A4E6B1979}"
EndProject
Project("{9A19103F-16F7-4668-BE54-9A1E7A4F7556}") = "Basket.API", "Microservices\Basket\Basket.API\Basket.API.csproj", "{0C82F751-04B7-47F2-883A-88A03D9C068D}"
EndProject
Project("{9A19103F-16F7-4668-BE54-9A1E7A4F7556}") = "Basket.Application", "Microservices\Basket\Basket.Application\Basket.Application.csproj", "{F6585FD4-9E51-4378-8A7B-A964CB338035}"
EndProject
Project("{9A19103F-16F7-4668-BE54-9A1E7A4F7556}") = "Basket.Core", "Microservices\Basket\Basket.Core\Basket.Core.csproj", "{2F900C09-7619-43C6-86A6-2BF4677C6084}"
EndProject
Project("{9A19103F-16F7-4668-BE54-9A1E7A4F7556}") = "Basket.Infrastructure", "Microservices\Basket\Basket.Infrastructure\Basket.Infrastructure.csproj", "{7C9B5680-212A-4595-8496-EB0D7C05E6AF}"
EndProject
Project("{9A19103F-16F7-4668-BE54-9A1E7A4F7556}") = "Catalog.API", "Microservices\Catalog\Catalog.API\Catalog.API.csproj", "{DCA0FC38-AB26-4457-B03E-96489D451B8A}"
EndProject
Project("{9A19103F-16F7-4668-BE54-9A1E7A4F7556}") = "Catalog.Application", "Microservices\Catalog\Catalog.Application\Catalog.Application.csproj", "{938508A7-689F-42DF-A3DF-62C839A72CCF}"
EndProject
Project("{9A19103F-16F7-4668-BE54-9A1E7A4F7556}") = "Catalog.Core", "Microservices\Catalog\Catalog.Core\Catalog.Core.csproj", "{17BCD708-DE52-4603-8515-493DDD8FC561}"
EndProject
Project("{9A19103F-16F7-4668-BE54-9A1E7A4F7556}") = "Catalog.Infrastructure", "Microservices\Catalog\Catalog.Infrastructure\Catalog.Infrastructure.csproj", "{82FC8EC1-D072-4EA1-A958-CE47947CD1EC}"
EndProject
Project("{9A19103F-16F7-4668-BE54-9A1E7A4F7556}") = "Discount.Application", "Microservices\Discount\Discount.Application\Discount.Application.csproj", "{A4153C2F-6186-4E60-BC51-61EAEFBC22AB}"
EndProject
Project("{9A19103F-16F7-4668-BE54-9A1E7A4F7556}") = "Discount.Core", "Microservices\Discount\Discount.Core\Discount.Core.csproj", "{BFC71943-791D-430E-8734-425DC7739E8E}"
EndProject
Project("{9A19103F-16F7-4668-BE54-9A1E7A4F7556}") = "Discount.gRPCS", "Microservices\Discount\Discount.gRPCS\Discount.gRPCS.csproj", "{A64C3428-51D0-4A7A-9023-5D3DDDE77E23}"
EndProject
Project("{9A19103F-16F7-4668-BE54-9A1E7A4F7556}") = "Discount.Infrastructure", "Microservices\Discount\Discount.Infrastructure\Discount.Infrastructure.csproj", "{1C8F0CF6-F549-4528-878B-656DF78C154C}"
EndProject
Global
	GlobalSection(SolutionConfigurationPlatforms) = preSolution
		Debug|Any CPU = Debug|Any CPU
		Release|Any CPU = Release|Any CPU
	EndGlobalSection
	GlobalSection(ProjectConfigurationPlatforms) = postSolution
		{0C82F751-04B7-47F2-883A-88A03D9C068D}.Debug|Any CPU.ActiveCfg = Debug|Any CPU
		{0C82F751-04B7-47F2-883A-88A03D9C068D}.Debug|Any CPU.Build.0 = Debug|Any CPU
		{0C82F751-04B7-47F2-883A-88A03D9C068D}.Release|Any CPU.ActiveCfg = Release|Any CPU
		{0C82F751-04B7-47F2-883A-88A03D9C068D}.Release|Any CPU.Build.0 = Release|Any CPU
		{F6585FD4-9E51-4378-8A7B-A964CB338035}.Debug|Any CPU.ActiveCfg = Debug|Any CPU
		{F6585FD4-9E51-4378-8A7B-A964CB338035}.Debug|Any CPU.Build.0 = Debug|Any CPU
		{F6585FD4-9E51-4378-8A7B-A964CB338035}.Release|Any CPU.ActiveCfg = Release|Any CPU
		{F6585FD4-9E51-4378-8A7B-A964CB338035}.Release|Any CPU.Build.0 = Release|Any CPU
		{2F900C09-7619-43C6-86A6-2BF4677C6084}.Debug|Any CPU.ActiveCfg = Debug|Any CPU
		{2F900C09-7619-43C6-86A6-2BF4677C6084}.Debug|Any CPU.Build.0 = Debug|Any CPU
		{2F900C09-7619-43C6-86A6-2BF4677C6084}.Release|Any CPU.ActiveCfg = Release|Any CPU
		{2F900C09-7619-43C6-86A6-2BF4677C6084}.Release|Any CPU.Build.0 = Release|Any CPU
		{7C9B5680-212A-4595-8496-EB0D7C05E6AF}.Debug|Any CPU.ActiveCfg = Debug|Any CPU
		{7C9B5680-212A-4595-8496-EB0D7C05E6AF}.Debug|Any CPU.Build.0 = Debug|Any CPU
		{7C9B5680-212A-4595-8496-EB0D7C05E6AF}.Release|Any CPU.ActiveCfg = Release|Any CPU
		{7C9B5680-212A-4595-8496-EB0D7C05E6AF}.Release|Any CPU.Build.0 = Release|Any CPU
		{DCA0FC38-AB26-4457-B03E-96489D451B8A}.Debug|Any CPU.ActiveCfg = Debug|Any CPU
		{DCA0FC38-AB26-4457-B03E-96489D451B8A}.Debug|Any CPU.Build.0 = Debug|Any CPU
		{DCA0FC38-AB26-4457-B03E-96489D451B8A}.Release|Any CPU.ActiveCfg = Release|Any CPU
		{DCA0FC38-AB26-4457-B03E-96489D451B8A}.Release|Any CPU.Build.0 = Release|Any CPU
		{938508A7-689F-42DF-A3DF-62C839A72CCF}.Debug|Any CPU.ActiveCfg = Debug|Any CPU
		{938508A7-689F-42DF-A3DF-62C839A72CCF}.Debug|Any CPU.Build.0 = Debug|Any CPU
		{938508A7-689F-42DF-A3DF-62C839A72CCF}.Release|Any CPU.ActiveCfg = Release|Any CPU
		{938508A7-689F-42DF-A3DF-62C839A72CCF}.Release|Any CPU.Build.0 = Release|Any CPU
		{17BCD708-DE52-4603-8515-493DDD8FC561}.Debug|Any CPU.ActiveCfg = Debug|Any CPU
		{17BCD708-DE52-4603-8515-493DDD8FC561}.Debug|Any CPU.Build.0 = Debug|Any CPU
		{17BCD708-DE52-4603-8515-493DDD8FC561}.Release|Any CPU.ActiveCfg = Release|Any CPU
		{17BCD708-DE52-4603-8515-493DDD8FC561}.Release|Any CPU.Build.0 = Release|Any CPU
		{82FC8EC1-D072-4EA1-A958-CE47947CD1EC}.Debug|Any CPU.ActiveCfg = Debug|Any CPU
		{82FC8EC1-D072-4EA1-A958-CE47947CD1EC}.Debug|Any CPU.Build.0 = Debug|Any CPU
		{82FC8EC1-D072-4EA1-A958-CE47947CD1EC}.Release|Any CPU.ActiveCfg = Release|Any CPU
		{82FC8EC1-D072-4EA1-A958-CE47947CD1EC}.Release|Any CPU.Build.0 = Release|Any CPU
		{A4153C2F-6186-4E60-BC51-61EAEFBC22AB}.Debug|Any CPU.ActiveCfg = Debug|Any CPU
		{A4153C2F-6186-4E60-BC51-61EAEFBC22AB}.Debug|Any CPU.Build.0 = Debug|Any CPU
		{A4153C2F-6186-4E60-BC51-61EAEFBC22AB}.Release|Any CPU.ActiveCfg = Release|Any CPU
		{A4153C2F-6186-4E60-BC51-61EAEFBC22AB}.Release|Any CPU.Build.0 = Release|Any CPU
		{BFC71943-791D-430E-8734-425DC7739E8E}.Debug|Any CPU.ActiveCfg = Debug|Any CPU
		{BFC71943-791D-430E-8734-425DC7739E8E}.Debug|Any CPU.Build.0 = Debug|Any CPU
		{BFC71943-791D-430E-8734-425DC7739E8E}.Release|Any CPU.ActiveCfg = Release|Any CPU
		{BFC71943-791D-430E-8734-425DC7739E8E}.Release|Any CPU.Build.0 = Release|Any CPU
		{A64C3428-51D0-4A7A-9023-5D3DDDE77E23}.Debug|Any CPU.ActiveCfg = Debug|Any CPU
		{A64C3428-51D0-4A7A-9023-5D3DDDE77E23}.Debug|Any CPU.Build.0 = Debug|Any CPU
		{A64C3428-51D0-4A7A-9023-5D3DDDE77E23}.Release|Any CPU.ActiveCfg = Release|Any CPU
		{A64C3428-51D0-4A7A-9023-5D3DDDE77E23}.Release|Any CPU.Build.0 = Release|Any CPU
		{1C8F0CF6-F549-4528-878B-656DF78C154C}.Debug|Any CPU.ActiveCfg = Debug|Any CPU
		{1C8F0CF6-F549-4528-878B-656DF78C154C}.Debug|Any CPU.Build.0 = Debug|Any CPU
		{1C8F0CF6-F549-4528-878B-656DF78C154C}.Release|Any CPU.ActiveCfg = Release|Any CPU
		{1C8F0CF6-F549-4528-878B-656DF78C154C}.Release|Any CPU.Build.0 = Release|Any CPU
	EndGlobalSection
	GlobalSection(SolutionProperties) = preSolution
		HideSolutionNode = FALSE
	EndGlobalSection
	GlobalSection(NestedProjects) = preSolution
		{AD31A948-710D-4D07-A8D9-039745D8D472} = {A374ADF0-25D7-45D1-A533-E591F0C2870A}
		{95BC624E-9732-4581-B8E8-32CDF43E0CBE} = {A374ADF0-25D7-45D1-A533-E591F0C2870A}
		{E2685321-4AFA-4310-848C-187A4E6B1979} = {A374ADF0-25D7-45D1-A533-E591F0C2870A}
		{0C82F751-04B7-47F2-883A-88A03D9C068D} = {95BC624E-9732-4581-B8E8-32CDF43E0CBE}
		{F6585FD4-9E51-4378-8A7B-A964CB338035} = {95BC624E-9732-4581-B8E8-32CDF43E0CBE}
		{2F900C09-7619-43C6-86A6-2BF4677C6084} = {95BC624E-9732-4581-B8E8-32CDF43E0CBE}
		{7C9B5680-212A-4595-8496-EB0D7C05E6AF} = {95BC624E-9732-4581-B8E8-32CDF43E0CBE}
		{DCA0FC38-AB26-4457-B03E-96489D451B8A} = {AD31A948-710D-4D07-A8D9-039745D8D472}
		{938508A7-689F-42DF-A3DF-62C839A72CCF} = {AD31A948-710D-4D07-A8D9-039745D8D472}
		{17BCD708-DE52-4603-8515-493DDD8FC561} = {AD31A948-710D-4D07-A8D9-039745D8D472}
		{82FC8EC1-D072-4EA1-A958-CE47947CD1EC} = {AD31A948-710D-4D07-A8D9-039745D8D472}
		{A4153C2F-6186-4E60-BC51-61EAEFBC22AB} = {E2685321-4AFA-4310-848C-187A4E6B1979}
		{BFC71943-791D-430E-8734-425DC7739E8E} = {E2685321-4AFA-4310-848C-187A4E6B1979}
		{A64C3428-51D0-4A7A-9023-5D3DDDE77E23} = {E2685321-4AFA-4310-848C-187A4E6B1979}
		{1C8F0CF6-F549-4528-878B-656DF78C154C} = {E2685321-4AFA-4310-848C-187A4E6B1979}
	EndGlobalSection
	GlobalSection(ExtensibilityGlobals) = postSolution
		SolutionGuid = {1D0626C0-C3D4-4BA3-81D2-D0AC164A6338}
	EndGlobalSection
EndGlobal
